
Microsoft Visual Studio Solution File, Format Version 12.00
# Visual Studio Version 17
VisualStudioVersion = 17.4.33122.133
MinimumVisualStudioVersion = 10.0.40219.1
Project("{9A19103F-16F7-4668-BE54-9A1E7A4F7556}") = "TheProducer", "TheProducer\TheProducer.csproj", "{B981F680-3B56-4451-B61E-668B4B260300}"
EndProject
Project("{FAE04EC0-301F-11D3-BF4B-00C04F79EFBC}") = "TheConsumer", "..\TheConsumer\TheConsumer.csproj", "{6CD0F2C7-D9A6-4488-8CFB-12E32A43027A}"
EndProject
Global
	GlobalSection(SolutionConfigurationPlatforms) = preSolution
		Debug|Any CPU = Debug|Any CPU
		Release|Any CPU = Release|Any CPU
	EndGlobalSection
	GlobalSection(ProjectConfigurationPlatforms) = postSolution
		{B981F680-3B56-4451-B61E-668B4B260300}.Debug|Any CPU.ActiveCfg = Debug|Any CPU
		{B981F680-3B56-4451-B61E-668B4B260300}.Debug|Any CPU.Build.0 = Debug|Any CPU
		{B981F680-3B56-4451-B61E-668B4B260300}.Release|Any CPU.ActiveCfg = Release|Any CPU
		{B981F680-3B56-4451-B61E-668B4B260300}.Release|Any CPU.Build.0 = Release|Any CPU
		{6CD0F2C7-D9A6-4488-8CFB-12E32A43027A}.Debug|Any CPU.ActiveCfg = Debug|Any CPU
		{6CD0F2C7-D9A6-4488-8CFB-12E32A43027A}.Debug|Any CPU.Build.0 = Debug|Any CPU
		{6CD0F2C7-D9A6-4488-8CFB-12E32A43027A}.Release|Any CPU.ActiveCfg = Release|Any CPU
		{6CD0F2C7-D9A6-4488-8CFB-12E32A43027A}.Release|Any CPU.Build.0 = Release|Any CPU
	EndGlobalSection
	GlobalSection(SolutionProperties) = preSolution
		HideSolutionNode = FALSE
	EndGlobalSection
	GlobalSection(ExtensibilityGlobals) = postSolution
		SolutionGuid = {2ADA4ED8-DC90-4E71-BD53-0BEC9A545323}
	EndGlobalSection
EndGlobal
